
Microsoft Visual Studio Solution File, Format Version 12.00
# Visual Studio Version 17
VisualStudioVersion = 17.8.34511.84
MinimumVisualStudioVersion = 10.0.40219.1
Project("{FAE04EC0-301F-11D3-BF4B-00C04F79EFBC}") = "GameCharacterWinForms", "GameCharacterWinForms\GameCharacterWinForms.csproj", "{B6B02D9C-836D-40E9-AB34-E418AA5DD306}"
EndProject
Global
	GlobalSection(SolutionConfigurationPlatforms) = preSolution
		Debug|Any CPU = Debug|Any CPU
		Release|Any CPU = Release|Any CPU
	EndGlobalSection
	GlobalSection(ProjectConfigurationPlatforms) = postSolution
		{B6B02D9C-836D-40E9-AB34-E418AA5DD306}.Debug|Any CPU.ActiveCfg = Debug|Any CPU
		{B6B02D9C-836D-40E9-AB34-E418AA5DD306}.Debug|Any CPU.Build.0 = Debug|Any CPU
		{B6B02D9C-836D-40E9-AB34-E418AA5DD306}.Release|Any CPU.ActiveCfg = Release|Any CPU
		{B6B02D9C-836D-40E9-AB34-E418AA5DD306}.Release|Any CPU.Build.0 = Release|Any CPU
	EndGlobalSection
	GlobalSection(SolutionProperties) = preSolution
		HideSolutionNode = FALSE
	EndGlobalSection
	GlobalSection(ExtensibilityGlobals) = postSolution
		SolutionGuid = {76CD5A0C-B17E-47F0-B884-9AAF494ADDD0}
	EndGlobalSection
EndGlobal
